
Microsoft Visual Studio Solution File, Format Version 12.00
# Visual Studio Version 17
VisualStudioVersion = 17.2.32630.192
MinimumVisualStudioVersion = 10.0.40219.1
Project("{9A19103F-16F7-4668-BE54-9A1E7A4F7556}") = "Entra21.CSharp.ClinicaVeterinaria.Aplicacao", "Entra21.CSharp.ClinicaVeterinaria.Aplicacao\Entra21.CSharp.ClinicaVeterinaria.Aplicacao.csproj", "{10DF133F-0C2E-4375-8128-A2E169D5620E}"
EndProject
Project("{FAE04EC0-301F-11D3-BF4B-00C04F79EFBC}") = "Servico", "Servico\Servico.csproj", "{6132307C-2DE7-47C6-A596-C610C7A8880A}"
EndProject
Project("{FAE04EC0-301F-11D3-BF4B-00C04F79EFBC}") = "Repositorio", "Repositorio\Repositorio.csproj", "{8D2B3535-60E3-4471-97A3-0B4F301C29F0}"
EndProject
Global
	GlobalSection(SolutionConfigurationPlatforms) = preSolution
		Debug|Any CPU = Debug|Any CPU
		Release|Any CPU = Release|Any CPU
	EndGlobalSection
	GlobalSection(ProjectConfigurationPlatforms) = postSolution
		{10DF133F-0C2E-4375-8128-A2E169D5620E}.Debug|Any CPU.ActiveCfg = Debug|Any CPU
		{10DF133F-0C2E-4375-8128-A2E169D5620E}.Debug|Any CPU.Build.0 = Debug|Any CPU
		{10DF133F-0C2E-4375-8128-A2E169D5620E}.Release|Any CPU.ActiveCfg = Release|Any CPU
		{10DF133F-0C2E-4375-8128-A2E169D5620E}.Release|Any CPU.Build.0 = Release|Any CPU
		{6132307C-2DE7-47C6-A596-C610C7A8880A}.Debug|Any CPU.ActiveCfg = Debug|Any CPU
		{6132307C-2DE7-47C6-A596-C610C7A8880A}.Debug|Any CPU.Build.0 = Debug|Any CPU
		{6132307C-2DE7-47C6-A596-C610C7A8880A}.Release|Any CPU.ActiveCfg = Release|Any CPU
		{6132307C-2DE7-47C6-A596-C610C7A8880A}.Release|Any CPU.Build.0 = Release|Any CPU
		{8D2B3535-60E3-4471-97A3-0B4F301C29F0}.Debug|Any CPU.ActiveCfg = Debug|Any CPU
		{8D2B3535-60E3-4471-97A3-0B4F301C29F0}.Debug|Any CPU.Build.0 = Debug|Any CPU
		{8D2B3535-60E3-4471-97A3-0B4F301C29F0}.Release|Any CPU.ActiveCfg = Release|Any CPU
		{8D2B3535-60E3-4471-97A3-0B4F301C29F0}.Release|Any CPU.Build.0 = Release|Any CPU
	EndGlobalSection
	GlobalSection(SolutionProperties) = preSolution
		HideSolutionNode = FALSE
	EndGlobalSection
	GlobalSection(ExtensibilityGlobals) = postSolution
		SolutionGuid = {FD51B163-6DBB-487C-BEBD-4A4D8FC1849F}
	EndGlobalSection
EndGlobal
